// !$*UTF8*$!
{
	archiveVersion = 1;
	classes = {
	};
	objectVersion = 56;
	objects = {

/* Begin PBXBuildFile section */
		AC171F5429A52060007B4664 /* Utility.swift in Sources */ = {isa = PBXBuildFile; fileRef = AC171F5329A52060007B4664 /* Utility.swift */; };
		AC391DDD29A8276300088C43 /* GameData.swift in Sources */ = {isa = PBXBuildFile; fileRef = AC391DDC29A8276300088C43 /* GameData.swift */; };
		ACD7BBA629A40BFF001C89D3 /* AppDelegate.swift in Sources */ = {isa = PBXBuildFile; fileRef = ACD7BBA529A40BFF001C89D3 /* AppDelegate.swift */; };
		ACD7BBA829A40BFF001C89D3 /* SceneDelegate.swift in Sources */ = {isa = PBXBuildFile; fileRef = ACD7BBA729A40BFF001C89D3 /* SceneDelegate.swift */; };
		ACD7BBAA29A40BFF001C89D3 /* GameSceneViewController.swift in Sources */ = {isa = PBXBuildFile; fileRef = ACD7BBA929A40BFF001C89D3 /* GameSceneViewController.swift */; };
		ACD7BBAD29A40BFF001C89D3 /* Main.storyboard in Resources */ = {isa = PBXBuildFile; fileRef = ACD7BBAB29A40BFF001C89D3 /* Main.storyboard */; };
		ACD7BBAF29A40C00001C89D3 /* Assets.xcassets in Resources */ = {isa = PBXBuildFile; fileRef = ACD7BBAE29A40C00001C89D3 /* Assets.xcassets */; };
		ACD7BBB229A40C00001C89D3 /* LaunchScreen.storyboard in Resources */ = {isa = PBXBuildFile; fileRef = ACD7BBB029A40C00001C89D3 /* LaunchScreen.storyboard */; };
		ACD7BBBD29A40C00001C89D3 /* MatchEmSceneTests.swift in Sources */ = {isa = PBXBuildFile; fileRef = ACD7BBBC29A40C00001C89D3 /* MatchEmSceneTests.swift */; };
		ACD7BBC729A40C00001C89D3 /* MatchEmSceneUITests.swift in Sources */ = {isa = PBXBuildFile; fileRef = ACD7BBC629A40C00001C89D3 /* MatchEmSceneUITests.swift */; };
		ACD7BBC929A40C00001C89D3 /* MatchEmSceneUITestsLaunchTests.swift in Sources */ = {isa = PBXBuildFile; fileRef = ACD7BBC829A40C00001C89D3 /* MatchEmSceneUITestsLaunchTests.swift */; };
/* End PBXBuildFile section */

/* Begin PBXContainerItemProxy section */
		ACD7BBB929A40C00001C89D3 /* PBXContainerItemProxy */ = {
			isa = PBXContainerItemProxy;
			containerPortal = ACD7BB9A29A40BFF001C89D3 /* Project object */;
			proxyType = 1;
			remoteGlobalIDString = ACD7BBA129A40BFF001C89D3;
			remoteInfo = MatchEmScene;
		};
		ACD7BBC329A40C00001C89D3 /* PBXContainerItemProxy */ = {
			isa = PBXContainerItemProxy;
			containerPortal = ACD7BB9A29A40BFF001C89D3 /* Project object */;
			proxyType = 1;
			remoteGlobalIDString = ACD7BBA129A40BFF001C89D3;
			remoteInfo = MatchEmScene;
		};
/* End PBXContainerItemProxy section */

/* Begin PBXFileReference section */
		AC171F5329A52060007B4664 /* Utility.swift */ = {isa = PBXFileReference; lastKnownFileType = sourcecode.swift; path = Utility.swift; sourceTree = "<group>"; };
		AC391DDC29A8276300088C43 /* GameData.swift */ = {isa = PBXFileReference; lastKnownFileType = sourcecode.swift; path = GameData.swift; sourceTree = "<group>"; };
		ACD7BBA229A40BFF001C89D3 /* MatchEmScene.app */ = {isa = PBXFileReference; explicitFileType = wrapper.application; includeInIndex = 0; path = MatchEmScene.app; sourceTree = BUILT_PRODUCTS_DIR; };
		ACD7BBA529A40BFF001C89D3 /* AppDelegate.swift */ = {isa = PBXFileReference; lastKnownFileType = sourcecode.swift; path = AppDelegate.swift; sourceTree = "<group>"; };
		ACD7BBA729A40BFF001C89D3 /* SceneDelegate.swift */ = {isa = PBXFileReference; lastKnownFileType = sourcecode.swift; path = SceneDelegate.swift; sourceTree = "<group>"; };
		ACD7BBA929A40BFF001C89D3 /* GameSceneViewController.swift */ = {isa = PBXFileReference; lastKnownFileType = sourcecode.swift; path = GameSceneViewController.swift; sourceTree = "<group>"; };
		ACD7BBAC29A40BFF001C89D3 /* Base */ = {isa = PBXFileReference; lastKnownFileType = file.storyboard; name = Base; path = Base.lproj/Main.storyboard; sourceTree = "<group>"; };
		ACD7BBAE29A40C00001C89D3 /* Assets.xcassets */ = {isa = PBXFileReference; lastKnownFileType = folder.assetcatalog; path = Assets.xcassets; sourceTree = "<group>"; };
		ACD7BBB129A40C00001C89D3 /* Base */ = {isa = PBXFileReference; lastKnownFileType = file.storyboard; name = Base; path = Base.lproj/LaunchScreen.storyboard; sourceTree = "<group>"; };
		ACD7BBB329A40C00001C89D3 /* Info.plist */ = {isa = PBXFileReference; lastKnownFileType = text.plist.xml; path = Info.plist; sourceTree = "<group>"; };
		ACD7BBB829A40C00001C89D3 /* MatchEmSceneTests.xctest */ = {isa = PBXFileReference; explicitFileType = wrapper.cfbundle; includeInIndex = 0; path = MatchEmSceneTests.xctest; sourceTree = BUILT_PRODUCTS_DIR; };
		ACD7BBBC29A40C00001C89D3 /* MatchEmSceneTests.swift */ = {isa = PBXFileReference; lastKnownFileType = sourcecode.swift; path = MatchEmSceneTests.swift; sourceTree = "<group>"; };
		ACD7BBC229A40C00001C89D3 /* MatchEmSceneUITests.xctest */ = {isa = PBXFileReference; explicitFileType = wrapper.cfbundle; includeInIndex = 0; path = MatchEmSceneUITests.xctest; sourceTree = BUILT_PRODUCTS_DIR; };
		ACD7BBC629A40C00001C89D3 /* MatchEmSceneUITests.swift */ = {isa = PBXFileReference; lastKnownFileType = sourcecode.swift; path = MatchEmSceneUITests.swift; sourceTree = "<group>"; };
		ACD7BBC829A40C00001C89D3 /* MatchEmSceneUITestsLaunchTests.swift */ = {isa = PBXFileReference; lastKnownFileType = sourcecode.swift; path = MatchEmSceneUITestsLaunchTests.swift; sourceTree = "<group>"; };
/* End PBXFileReference section */

/* Begin PBXFrameworksBuildPhase section */
		ACD7BB9F29A40BFF001C89D3 /* Frameworks */ = {
			isa = PBXFrameworksBuildPhase;
			buildActionMask = 2147483647;
			files = (
			);
			runOnlyForDeploymentPostprocessing = 0;
		};
		ACD7BBB529A40C00001C89D3 /* Frameworks */ = {
			isa = PBXFrameworksBuildPhase;
			buildActionMask = 2147483647;
			files = (
			);
			runOnlyForDeploymentPostprocessing = 0;
		};
		ACD7BBBF29A40C00001C89D3 /* Frameworks */ = {
			isa = PBXFrameworksBuildPhase;
			buildActionMask = 2147483647;
			files = (
			);
			runOnlyForDeploymentPostprocessing = 0;
		};
/* End PBXFrameworksBuildPhase section */

/* Begin PBXGroup section */
		ACD7BB9929A40BFF001C89D3 = {
			isa = PBXGroup;
			children = (
				ACD7BBA429A40BFF001C89D3 /* MatchEmScene */,
				ACD7BBBB29A40C00001C89D3 /* MatchEmSceneTests */,
				ACD7BBC529A40C00001C89D3 /* MatchEmSceneUITests */,
				ACD7BBA329A40BFF001C89D3 /* Products */,
			);
			sourceTree = "<group>";
		};
		ACD7BBA329A40BFF001C89D3 /* Products */ = {
			isa = PBXGroup;
			children = (
				ACD7BBA229A40BFF001C89D3 /* MatchEmScene.app */,
				ACD7BBB829A40C00001C89D3 /* MatchEmSceneTests.xctest */,
				ACD7BBC229A40C00001C89D3 /* MatchEmSceneUITests.xctest */,
			);
			name = Products;
			sourceTree = "<group>";
		};
		ACD7BBA429A40BFF001C89D3 /* MatchEmScene */ = {
			isa = PBXGroup;
			children = (
				ACD7BBA529A40BFF001C89D3 /* AppDelegate.swift */,
				AC391DDC29A8276300088C43 /* GameData.swift */,
				ACD7BBA729A40BFF001C89D3 /* SceneDelegate.swift */,
				ACD7BBA929A40BFF001C89D3 /* GameSceneViewController.swift */,
				ACD7BBAB29A40BFF001C89D3 /* Main.storyboard */,
				ACD7BBAE29A40C00001C89D3 /* Assets.xcassets */,
				ACD7BBB029A40C00001C89D3 /* LaunchScreen.storyboard */,
				ACD7BBB329A40C00001C89D3 /* Info.plist */,
				AC171F5329A52060007B4664 /* Utility.swift */,
			);
			path = MatchEmScene;
			sourceTree = "<group>";
		};
		ACD7BBBB29A40C00001C89D3 /* MatchEmSceneTests */ = {
			isa = PBXGroup;
			children = (
				ACD7BBBC29A40C00001C89D3 /* MatchEmSceneTests.swift */,
			);
			path = MatchEmSceneTests;
			sourceTree = "<group>";
		};
		ACD7BBC529A40C00001C89D3 /* MatchEmSceneUITests */ = {
			isa = PBXGroup;
			children = (
				ACD7BBC629A40C00001C89D3 /* MatchEmSceneUITests.swift */,
				ACD7BBC829A40C00001C89D3 /* MatchEmSceneUITestsLaunchTests.swift */,
			);
			path = MatchEmSceneUITests;
			sourceTree = "<group>";
		};
/* End PBXGroup section */

/* Begin PBXNativeTarget section */
		ACD7BBA129A40BFF001C89D3 /* MatchEmScene */ = {
			isa = PBXNativeTarget;
			buildConfigurationList = ACD7BBCC29A40C00001C89D3 /* Build configuration list for PBXNativeTarget "MatchEmScene" */;
			buildPhases = (
				ACD7BB9E29A40BFF001C89D3 /* Sources */,
				ACD7BB9F29A40BFF001C89D3 /* Frameworks */,
				ACD7BBA029A40BFF001C89D3 /* Resources */,
			);
			buildRules = (
			);
			dependencies = (
			);
			name = MatchEmScene;
			productName = MatchEmScene;
			productReference = ACD7BBA229A40BFF001C89D3 /* MatchEmScene.app */;
			productType = "com.apple.product-type.application";
		};
		ACD7BBB729A40C00001C89D3 /* MatchEmSceneTests */ = {
			isa = PBXNativeTarget;
			buildConfigurationList = ACD7BBCF29A40C00001C89D3 /* Build configuration list for PBXNativeTarget "MatchEmSceneTests" */;
			buildPhases = (
				ACD7BBB429A40C00001C89D3 /* Sources */,
				ACD7BBB529A40C00001C89D3 /* Frameworks */,
				ACD7BBB629A40C00001C89D3 /* Resources */,
			);
			buildRules = (
			);
			dependencies = (
				ACD7BBBA29A40C00001C89D3 /* PBXTargetDependency */,
			);
			name = MatchEmSceneTests;
			productName = MatchEmSceneTests;
			productReference = ACD7BBB829A40C00001C89D3 /* MatchEmSceneTests.xctest */;
			productType = "com.apple.product-type.bundle.unit-test";
		};
		ACD7BBC129A40C00001C89D3 /* MatchEmSceneUITests */ = {
			isa = PBXNativeTarget;
			buildConfigurationList = ACD7BBD229A40C00001C89D3 /* Build configuration list for PBXNativeTarget "MatchEmSceneUITests" */;
			buildPhases = (
				ACD7BBBE29A40C00001C89D3 /* Sources */,
				ACD7BBBF29A40C00001C89D3 /* Frameworks */,
				ACD7BBC029A40C00001C89D3 /* Resources */,
			);
			buildRules = (
			);
			dependencies = (
				ACD7BBC429A40C00001C89D3 /* PBXTargetDependency */,
			);
			name = MatchEmSceneUITests;
			productName = MatchEmSceneUITests;
			productReference = ACD7BBC229A40C00001C89D3 /* MatchEmSceneUITests.xctest */;
			productType = "com.apple.product-type.bundle.ui-testing";
		};
/* End PBXNativeTarget section */

/* Begin PBXProject section */
		ACD7BB9A29A40BFF001C89D3 /* Project object */ = {
			isa = PBXProject;
			attributes = {
				BuildIndependentTargetsInParallel = 1;
				LastSwiftUpdateCheck = 1420;
				LastUpgradeCheck = 1420;
				TargetAttributes = {
					ACD7BBA129A40BFF001C89D3 = {
						CreatedOnToolsVersion = 14.2;
					};
					ACD7BBB729A40C00001C89D3 = {
						CreatedOnToolsVersion = 14.2;
						TestTargetID = ACD7BBA129A40BFF001C89D3;
					};
					ACD7BBC129A40C00001C89D3 = {
						CreatedOnToolsVersion = 14.2;
						TestTargetID = ACD7BBA129A40BFF001C89D3;
					};
				};
			};
			buildConfigurationList = ACD7BB9D29A40BFF001C89D3 /* Build configuration list for PBXProject "MatchEmScene" */;
			compatibilityVersion = "Xcode 14.0";
			developmentRegion = en;
			hasScannedForEncodings = 0;
			knownRegions = (
				en,
				Base,
			);
			mainGroup = ACD7BB9929A40BFF001C89D3;
			productRefGroup = ACD7BBA329A40BFF001C89D3 /* Products */;
			projectDirPath = "";
			projectRoot = "";
			targets = (
				ACD7BBA129A40BFF001C89D3 /* MatchEmScene */,
				ACD7BBB729A40C00001C89D3 /* MatchEmSceneTests */,
				ACD7BBC129A40C00001C89D3 /* MatchEmSceneUITests */,
			);
		};
/* End PBXProject section */

/* Begin PBXResourcesBuildPhase section */
		ACD7BBA029A40BFF001C89D3 /* Resources */ = {
			isa = PBXResourcesBuildPhase;
			buildActionMask = 2147483647;
			files = (
				ACD7BBB229A40C00001C89D3 /* LaunchScreen.storyboard in Resources */,
				ACD7BBAF29A40C00001C89D3 /* Assets.xcassets in Resources */,
				ACD7BBAD29A40BFF001C89D3 /* Main.storyboard in Resources */,
			);
			runOnlyForDeploymentPostprocessing = 0;
		};
		ACD7BBB629A40C00001C89D3 /* Resources */ = {
			isa = PBXResourcesBuildPhase;
			buildActionMask = 2147483647;
			files = (
			);
			runOnlyForDeploymentPostprocessing = 0;
		};
		ACD7BBC029A40C00001C89D3 /* Resources */ = {
			isa = PBXResourcesBuildPhase;
			buildActionMask = 2147483647;
			files = (
			);
			runOnlyForDeploymentPostprocessing = 0;
		};
/* End PBXResourcesBuildPhase section */

/* Begin PBXSourcesBuildPhase section */
		ACD7BB9E29A40BFF001C89D3 /* Sources */ = {
			isa = PBXSourcesBuildPhase;
			buildActionMask = 2147483647;
			files = (
				AC171F5429A52060007B4664 /* Utility.swift in Sources */,
				AC391DDD29A8276300088C43 /* GameData.swift in Sources */,
				ACD7BBAA29A40BFF001C89D3 /* GameSceneViewController.swift in Sources */,
				ACD7BBA629A40BFF001C89D3 /* AppDelegate.swift in Sources */,
				ACD7BBA829A40BFF001C89D3 /* SceneDelegate.swift in Sources */,
			);
			runOnlyForDeploymentPostprocessing = 0;
		};
		ACD7BBB429A40C00001C89D3 /* Sources */ = {
			isa = PBXSourcesBuildPhase;
			buildActionMask = 2147483647;
			files = (
				ACD7BBBD29A40C00001C89D3 /* MatchEmSceneTests.swift in Sources */,
			);
			runOnlyForDeploymentPostprocessing = 0;
		};
		ACD7BBBE29A40C00001C89D3 /* Sources */ = {
			isa = PBXSourcesBuildPhase;
			buildActionMask = 2147483647;
			files = (
				ACD7BBC729A40C00001C89D3 /* MatchEmSceneUITests.swift in Sources */,
				ACD7BBC929A40C00001C89D3 /* MatchEmSceneUITestsLaunchTests.swift in Sources */,
			);
			runOnlyForDeploymentPostprocessing = 0;
		};
/* End PBXSourcesBuildPhase section */

/* Begin PBXTargetDependency section */
		ACD7BBBA29A40C00001C89D3 /* PBXTargetDependency */ = {
			isa = PBXTargetDependency;
			target = ACD7BBA129A40BFF001C89D3 /* MatchEmScene */;
			targetProxy = ACD7BBB929A40C00001C89D3 /* PBXContainerItemProxy */;
		};
		ACD7BBC429A40C00001C89D3 /* PBXTargetDependency */ = {
			isa = PBXTargetDependency;
			target = ACD7BBA129A40BFF001C89D3 /* MatchEmScene */;
			targetProxy = ACD7BBC329A40C00001C89D3 /* PBXContainerItemProxy */;
		};
/* End PBXTargetDependency section */

/* Begin PBXVariantGroup section */
		ACD7BBAB29A40BFF001C89D3 /* Main.storyboard */ = {
			isa = PBXVariantGroup;
			children = (
				ACD7BBAC29A40BFF001C89D3 /* Base */,
			);
			name = Main.storyboard;
			sourceTree = "<group>";
		};
		ACD7BBB029A40C00001C89D3 /* LaunchScreen.storyboard */ = {
			isa = PBXVariantGroup;
			children = (
				ACD7BBB129A40C00001C89D3 /* Base */,
			);
			name = LaunchScreen.storyboard;
			sourceTree = "<group>";
		};
/* End PBXVariantGroup section */

/* Begin XCBuildConfiguration section */
		ACD7BBCA29A40C00001C89D3 /* Debug */ = {
			isa = XCBuildConfiguration;
			buildSettings = {
				ALWAYS_SEARCH_USER_PATHS = NO;
				CLANG_ANALYZER_NONNULL = YES;
				CLANG_ANALYZER_NUMBER_OBJECT_CONVERSION = YES_AGGRESSIVE;
				CLANG_CXX_LANGUAGE_STANDARD = "gnu++20";
				CLANG_ENABLE_MODULES = YES;
				CLANG_ENABLE_OBJC_ARC = YES;
				CLANG_ENABLE_OBJC_WEAK = YES;
				CLANG_WARN_BLOCK_CAPTURE_AUTORELEASING = YES;
				CLANG_WARN_BOOL_CONVERSION = YES;
				CLANG_WARN_COMMA = YES;
				CLANG_WARN_CONSTANT_CONVERSION = YES;
				CLANG_WARN_DEPRECATED_OBJC_IMPLEMENTATIONS = YES;
				CLANG_WARN_DIRECT_OBJC_ISA_USAGE = YES_ERROR;
				CLANG_WARN_DOCUMENTATION_COMMENTS = YES;
				CLANG_WARN_EMPTY_BODY = YES;
				CLANG_WARN_ENUM_CONVERSION = YES;
				CLANG_WARN_INFINITE_RECURSION = YES;
				CLANG_WARN_INT_CONVERSION = YES;
				CLANG_WARN_NON_LITERAL_NULL_CONVERSION = YES;
				CLANG_WARN_OBJC_IMPLICIT_RETAIN_SELF = YES;
				CLANG_WARN_OBJC_LITERAL_CONVERSION = YES;
				CLANG_WARN_OBJC_ROOT_CLASS = YES_ERROR;
				CLANG_WARN_QUOTED_INCLUDE_IN_FRAMEWORK_HEADER = YES;
				CLANG_WARN_RANGE_LOOP_ANALYSIS = YES;
				CLANG_WARN_STRICT_PROTOTYPES = YES;
				CLANG_WARN_SUSPICIOUS_MOVE = YES;
				CLANG_WARN_UNGUARDED_AVAILABILITY = YES_AGGRESSIVE;
				CLANG_WARN_UNREACHABLE_CODE = YES;
				CLANG_WARN__DUPLICATE_METHOD_MATCH = YES;
				COPY_PHASE_STRIP = NO;
				DEBUG_INFORMATION_FORMAT = dwarf;
				ENABLE_STRICT_OBJC_MSGSEND = YES;
				ENABLE_TESTABILITY = YES;
				GCC_C_LANGUAGE_STANDARD = gnu11;
				GCC_DYNAMIC_NO_PIC = NO;
				GCC_NO_COMMON_BLOCKS = YES;
				GCC_OPTIMIZATION_LEVEL = 0;
				GCC_PREPROCESSOR_DEFINITIONS = (
					"DEBUG=1",
					"$(inherited)",
				);
				GCC_WARN_64_TO_32_BIT_CONVERSION = YES;
				GCC_WARN_ABOUT_RETURN_TYPE = YES_ERROR;
				GCC_WARN_UNDECLARED_SELECTOR = YES;
				GCC_WARN_UNINITIALIZED_AUTOS = YES_AGGRESSIVE;
				GCC_WARN_UNUSED_FUNCTION = YES;
				GCC_WARN_UNUSED_VARIABLE = YES;
				IPHONEOS_DEPLOYMENT_TARGET = 16.2;
				MTL_ENABLE_DEBUG_INFO = INCLUDE_SOURCE;
				MTL_FAST_MATH = YES;
				ONLY_ACTIVE_ARCH = YES;
				SDKROOT = iphoneos;
				SWIFT_ACTIVE_COMPILATION_CONDITIONS = DEBUG;
				SWIFT_OPTIMIZATION_LEVEL = "-Onone";
			};
			name = Debug;
		};
		ACD7BBCB29A40C00001C89D3 /* Release */ = {
			isa = XCBuildConfiguration;
			buildSettings = {
				ALWAYS_SEARCH_USER_PATHS = NO;
				CLANG_ANALYZER_NONNULL = YES;
				CLANG_ANALYZER_NUMBER_OBJECT_CONVERSION = YES_AGGRESSIVE;
				CLANG_CXX_LANGUAGE_STANDARD = "gnu++20";
				CLANG_ENABLE_MODULES = YES;
				CLANG_ENABLE_OBJC_ARC = YES;
				CLANG_ENABLE_OBJC_WEAK = YES;
				CLANG_WARN_BLOCK_CAPTURE_AUTORELEASING = YES;
				CLANG_WARN_BOOL_CONVERSION = YES;
				CLANG_WARN_COMMA = YES;
				CLANG_WARN_CONSTANT_CONVERSION = YES;
				CLANG_WARN_DEPRECATED_OBJC_IMPLEMENTATIONS = YES;
				CLANG_WARN_DIRECT_OBJC_ISA_USAGE = YES_ERROR;
				CLANG_WARN_DOCUMENTATION_COMMENTS = YES;
				CLANG_WARN_EMPTY_BODY = YES;
				CLANG_WARN_ENUM_CONVERSION = YES;
				CLANG_WARN_INFINITE_RECURSION = YES;
				CLANG_WARN_INT_CONVERSION = YES;
				CLANG_WARN_NON_LITERAL_NULL_CONVERSION = YES;
				CLANG_WARN_OBJC_IMPLICIT_RETAIN_SELF = YES;
				CLANG_WARN_OBJC_LITERAL_CONVERSION = YES;
				CLANG_WARN_OBJC_ROOT_CLASS = YES_ERROR;
				CLANG_WARN_QUOTED_INCLUDE_IN_FRAMEWORK_HEADER = YES;
				CLANG_WARN_RANGE_LOOP_ANALYSIS = YES;
				CLANG_WARN_STRICT_PROTOTYPES = YES;
				CLANG_WARN_SUSPICIOUS_MOVE = YES;
				CLANG_WARN_UNGUARDED_AVAILABILITY = YES_AGGRESSIVE;
				CLANG_WARN_UNREACHABLE_CODE = YES;
				CLANG_WARN__DUPLICATE_METHOD_MATCH = YES;
				COPY_PHASE_STRIP = NO;
				DEBUG_INFORMATION_FORMAT = "dwarf-with-dsym";
				ENABLE_NS_ASSERTIONS = NO;
				ENABLE_STRICT_OBJC_MSGSEND = YES;
				GCC_C_LANGUAGE_STANDARD = gnu11;
				GCC_NO_COMMON_BLOCKS = YES;
				GCC_WARN_64_TO_32_BIT_CONVERSION = YES;
				GCC_WARN_ABOUT_RETURN_TYPE = YES_ERROR;
				GCC_WARN_UNDECLARED_SELECTOR = YES;
				GCC_WARN_UNINITIALIZED_AUTOS = YES_AGGRESSIVE;
				GCC_WARN_UNUSED_FUNCTION = YES;
				GCC_WARN_UNUSED_VARIABLE = YES;
				IPHONEOS_DEPLOYMENT_TARGET = 16.2;
				MTL_ENABLE_DEBUG_INFO = NO;
				MTL_FAST_MATH = YES;
				SDKROOT = iphoneos;
				SWIFT_COMPILATION_MODE = wholemodule;
				SWIFT_OPTIMIZATION_LEVEL = "-O";
				VALIDATE_PRODUCT = YES;
			};
			name = Release;
		};
		ACD7BBCD29A40C00001C89D3 /* Debug */ = {
			isa = XCBuildConfiguration;
			buildSettings = {
				ASSETCATALOG_COMPILER_APPICON_NAME = AppIcon;
				ASSETCATALOG_COMPILER_GLOBAL_ACCENT_COLOR_NAME = AccentColor;
				CODE_SIGN_STYLE = Automatic;
				CURRENT_PROJECT_VERSION = 1;
				DEVELOPMENT_TEAM = 4YZT6388Y5;
				GENERATE_INFOPLIST_FILE = YES;
				INFOPLIST_FILE = MatchEmScene/Info.plist;
				INFOPLIST_KEY_UIApplicationSupportsIndirectInputEvents = YES;
				INFOPLIST_KEY_UILaunchStoryboardName = LaunchScreen;
				INFOPLIST_KEY_UIMainStoryboardFile = Main;
				INFOPLIST_KEY_UISupportedInterfaceOrientations_iPad = "UIInterfaceOrientationPortrait UIInterfaceOrientationPortraitUpsideDown UIInterfaceOrientationLandscapeLeft UIInterfaceOrientationLandscapeRight";
				INFOPLIST_KEY_UISupportedInterfaceOrientations_iPhone = "UIInterfaceOrientationPortrait UIInterfaceOrientationLandscapeLeft UIInterfaceOrientationLandscapeRight";
				LD_RUNPATH_SEARCH_PATHS = (
					"$(inherited)",
					"@executable_path/Frameworks",
				);
				MARKETING_VERSION = 1.0;
				PRODUCT_BUNDLE_IDENTIFIER = "Davonte-Littleton.MatchEmScene";
				PRODUCT_NAME = "$(TARGET_NAME)";
				SWIFT_EMIT_LOC_STRINGS = YES;
				SWIFT_VERSION = 5.0;
				TARGETED_DEVICE_FAMILY = "1,2";
			};
			name = Debug;
		};
		ACD7BBCE29A40C00001C89D3 /* Release */ = {
			isa = XCBuildConfiguration;
			buildSettings = {
				ASSETCATALOG_COMPILER_APPICON_NAME = AppIcon;
				ASSETCATALOG_COMPILER_GLOBAL_ACCENT_COLOR_NAME = AccentColor;
				CODE_SIGN_STYLE = Automatic;
				CURRENT_PROJECT_VERSION = 1;
				DEVELOPMENT_TEAM = 4YZT6388Y5;
				GENERATE_INFOPLIST_FILE = YES;
				INFOPLIST_FILE = MatchEmScene/Info.plist;
				INFOPLIST_KEY_UIApplicationSupportsIndirectInputEvents = YES;
				INFOPLIST_KEY_UILaunchStoryboardName = LaunchScreen;
				INFOPLIST_KEY_UIMainStoryboardFile = Main;
				INFOPLIST_KEY_UISupportedInterfaceOrientations_iPad = "UIInterfaceOrientationPortrait UIInterfaceOrientationPortraitUpsideDown UIInterfaceOrientationLandscapeLeft UIInterfaceOrientationLandscapeRight";
				INFOPLIST_KEY_UISupportedInterfaceOrientations_iPhone = "UIInterfaceOrientationPortrait UIInterfaceOrientationLandscapeLeft UIInterfaceOrientationLandscapeRight";
				LD_RUNPATH_SEARCH_PATHS = (
					"$(inherited)",
					"@executable_path/Frameworks",
				);
				MARKETING_VERSION = 1.0;
				PRODUCT_BUNDLE_IDENTIFIER = "Davonte-Littleton.MatchEmScene";
				PRODUCT_NAME = "$(TARGET_NAME)";
				SWIFT_EMIT_LOC_STRINGS = YES;
				SWIFT_VERSION = 5.0;
				TARGETED_DEVICE_FAMILY = "1,2";
			};
			name = Release;
		};
		ACD7BBD029A40C00001C89D3 /* Debug */ = {
			isa = XCBuildConfiguration;
			buildSettings = {
				ALWAYS_EMBED_SWIFT_STANDARD_LIBRARIES = YES;
				BUNDLE_LOADER = "$(TEST_HOST)";
				CODE_SIGN_STYLE = Automatic;
				CURRENT_PROJECT_VERSION = 1;
				DEVELOPMENT_TEAM = 4YZT6388Y5;
				GENERATE_INFOPLIST_FILE = YES;
				IPHONEOS_DEPLOYMENT_TARGET = 16.2;
				MARKETING_VERSION = 1.0;
				PRODUCT_BUNDLE_IDENTIFIER = "Davonte-Littleton.MatchEmSceneTests";
				PRODUCT_NAME = "$(TARGET_NAME)";
				SWIFT_EMIT_LOC_STRINGS = NO;
				SWIFT_VERSION = 5.0;
				TARGETED_DEVICE_FAMILY = "1,2";
				TEST_HOST = "$(BUILT_PRODUCTS_DIR)/MatchEmScene.app/$(BUNDLE_EXECUTABLE_FOLDER_PATH)/MatchEmScene";
			};
			name = Debug;
		};
		ACD7BBD129A40C00001C89D3 /* Release */ = {
			isa = XCBuildConfiguration;
			buildSettings = {
				ALWAYS_EMBED_SWIFT_STANDARD_LIBRARIES = YES;
				BUNDLE_LOADER = "$(TEST_HOST)";
				CODE_SIGN_STYLE = Automatic;
				CURRENT_PROJECT_VERSION = 1;
				DEVELOPMENT_TEAM = 4YZT6388Y5;
				GENERATE_INFOPLIST_FILE = YES;
				IPHONEOS_DEPLOYMENT_TARGET = 16.2;
				MARKETING_VERSION = 1.0;
				PRODUCT_BUNDLE_IDENTIFIER = "Davonte-Littleton.MatchEmSceneTests";
				PRODUCT_NAME = "$(TARGET_NAME)";
				SWIFT_EMIT_LOC_STRINGS = NO;
				SWIFT_VERSION = 5.0;
				TARGETED_DEVICE_FAMILY = "1,2";
				TEST_HOST = "$(BUILT_PRODUCTS_DIR)/MatchEmScene.app/$(BUNDLE_EXECUTABLE_FOLDER_PATH)/MatchEmScene";
			};
			name = Release;
		};
		ACD7BBD329A40C00001C89D3 /* Debug */ = {
			isa = XCBuildConfiguration;
			buildSettings = {
				ALWAYS_EMBED_SWIFT_STANDARD_LIBRARIES = YES;
				CODE_SIGN_STYLE = Automatic;
				CURRENT_PROJECT_VERSION = 1;
				DEVELOPMENT_TEAM = 4YZT6388Y5;
				GENERATE_INFOPLIST_FILE = YES;
				MARKETING_VERSION = 1.0;
				PRODUCT_BUNDLE_IDENTIFIER = "Davonte-Littleton.MatchEmSceneUITests";
				PRODUCT_NAME = "$(TARGET_NAME)";
				SWIFT_EMIT_LOC_STRINGS = NO;
				SWIFT_VERSION = 5.0;
				TARGETED_DEVICE_FAMILY = "1,2";
				TEST_TARGET_NAME = MatchEmScene;
			};
			name = Debug;
		};
		ACD7BBD429A40C00001C89D3 /* Release */ = {
			isa = XCBuildConfiguration;
			buildSettings = {
				ALWAYS_EMBED_SWIFT_STANDARD_LIBRARIES = YES;
				CODE_SIGN_STYLE = Automatic;
				CURRENT_PROJECT_VERSION = 1;
				DEVELOPMENT_TEAM = 4YZT6388Y5;
				GENERATE_INFOPLIST_FILE = YES;
				MARKETING_VERSION = 1.0;
				PRODUCT_BUNDLE_IDENTIFIER = "Davonte-Littleton.MatchEmSceneUITests";
				PRODUCT_NAME = "$(TARGET_NAME)";
				SWIFT_EMIT_LOC_STRINGS = NO;
				SWIFT_VERSION = 5.0;
				TARGETED_DEVICE_FAMILY = "1,2";
				TEST_TARGET_NAME = MatchEmScene;
			};
			name = Release;
		};
/* End XCBuildConfiguration section */

/* Begin XCConfigurationList section */
		ACD7BB9D29A40BFF001C89D3 /* Build configuration list for PBXProject "MatchEmScene" */ = {
			isa = XCConfigurationList;
			buildConfigurations = (
				ACD7BBCA29A40C00001C89D3 /* Debug */,
				ACD7BBCB29A40C00001C89D3 /* Release */,
			);
			defaultConfigurationIsVisible = 0;
			defaultConfigurationName = Release;
		};
		ACD7BBCC29A40C00001C89D3 /* Build configuration list for PBXNativeTarget "MatchEmScene" */ = {
			isa = XCConfigurationList;
			buildConfigurations = (
				ACD7BBCD29A40C00001C89D3 /* Debug */,
				ACD7BBCE29A40C00001C89D3 /* Release */,
			);
			defaultConfigurationIsVisible = 0;
			defaultConfigurationName = Release;
		};
		ACD7BBCF29A40C00001C89D3 /* Build configuration list for PBXNativeTarget "MatchEmSceneTests" */ = {
			isa = XCConfigurationList;
			buildConfigurations = (
				ACD7BBD029A40C00001C89D3 /* Debug */,
				ACD7BBD129A40C00001C89D3 /* Release */,
			);
			defaultConfigurationIsVisible = 0;
			defaultConfigurationName = Release;
		};
		ACD7BBD229A40C00001C89D3 /* Build configuration list for PBXNativeTarget "MatchEmSceneUITests" */ = {
			isa = XCConfigurationList;
			buildConfigurations = (
				ACD7BBD329A40C00001C89D3 /* Debug */,
				ACD7BBD429A40C00001C89D3 /* Release */,
			);
			defaultConfigurationIsVisible = 0;
			defaultConfigurationName = Release;
		};
/* End XCConfigurationList section */
	};
	rootObject = ACD7BB9A29A40BFF001C89D3 /* Project object */;
}
